// !$*UTF8*$!
{
	archiveVersion = 1;
	classes = {
	};
	objectVersion = 46;
	objects = {

/* Begin PBXBuildFile section */
		8C1F7EEF1D3B06A80058B8AD /* main.m in Sources */ = {isa = PBXBuildFile; fileRef = 8C1F7EEE1D3B06A80058B8AD /* main.m */; };
		8C1F7EF21D3B06A80058B8AD /* AppDelegate.m in Sources */ = {isa = PBXBuildFile; fileRef = 8C1F7EF11D3B06A80058B8AD /* AppDelegate.m */; };
		8C1F7EF51D3B06A80058B8AD /* ViewController.m in Sources */ = {isa = PBXBuildFile; fileRef = 8C1F7EF41D3B06A80058B8AD /* ViewController.m */; };
		8C1F7EF81D3B06A80058B8AD /* Main.storyboard in Resources */ = {isa = PBXBuildFile; fileRef = 8C1F7EF61D3B06A80058B8AD /* Main.storyboard */; };
		8C1F7EFA1D3B06A80058B8AD /* Assets.xcassets in Resources */ = {isa = PBXBuildFile; fileRef = 8C1F7EF91D3B06A80058B8AD /* Assets.xcassets */; };
		8C1F7EFD1D3B06A80058B8AD /* LaunchScreen.storyboard in Resources */ = {isa = PBXBuildFile; fileRef = 8C1F7EFB1D3B06A80058B8AD /* LaunchScreen.storyboard */; };
		8C1F7F081D3B06A80058B8AD /* COURSERATAREATests.m in Sources */ = {isa = PBXBuildFile; fileRef = 8C1F7F071D3B06A80058B8AD /* COURSERATAREATests.m */; };
		8C1F7F131D3B06A80058B8AD /* COURSERATAREAUITests.m in Sources */ = {isa = PBXBuildFile; fileRef = 8C1F7F121D3B06A80058B8AD /* COURSERATAREAUITests.m */; };
/* End PBXBuildFile section */

/* Begin PBXContainerItemProxy section */
		8C1F7F041D3B06A80058B8AD /* PBXContainerItemProxy */ = {
			isa = PBXContainerItemProxy;
			containerPortal = 8C1F7EE21D3B06A80058B8AD /* Project object */;
			proxyType = 1;
			remoteGlobalIDString = 8C1F7EE91D3B06A80058B8AD;
			remoteInfo = COURSERATAREA;
		};
		8C1F7F0F1D3B06A80058B8AD /* PBXContainerItemProxy */ = {
			isa = PBXContainerItemProxy;
			containerPortal = 8C1F7EE21D3B06A80058B8AD /* Project object */;
			proxyType = 1;
			remoteGlobalIDString = 8C1F7EE91D3B06A80058B8AD;
			remoteInfo = COURSERATAREA;
		};
/* End PBXContainerItemProxy section */

/* Begin PBXFileReference section */
		8C1F7EEA1D3B06A80058B8AD /* COURSERATAREA.app */ = {isa = PBXFileReference; explicitFileType = wrapper.application; includeInIndex = 0; path = COURSERATAREA.app; sourceTree = BUILT_PRODUCTS_DIR; };
		8C1F7EEE1D3B06A80058B8AD /* main.m */ = {isa = PBXFileReference; lastKnownFileType = sourcecode.c.objc; path = main.m; sourceTree = "<group>"; };
		8C1F7EF01D3B06A80058B8AD /* AppDelegate.h */ = {isa = PBXFileReference; lastKnownFileType = sourcecode.c.h; path = AppDelegate.h; sourceTree = "<group>"; };
		8C1F7EF11D3B06A80058B8AD /* AppDelegate.m */ = {isa = PBXFileReference; lastKnownFileType = sourcecode.c.objc; path = AppDelegate.m; sourceTree = "<group>"; };
		8C1F7EF31D3B06A80058B8AD /* ViewController.h */ = {isa = PBXFileReference; lastKnownFileType = sourcecode.c.h; path = ViewController.h; sourceTree = "<group>"; };
		8C1F7EF41D3B06A80058B8AD /* ViewController.m */ = {isa = PBXFileReference; lastKnownFileType = sourcecode.c.objc; path = ViewController.m; sourceTree = "<group>"; };
		8C1F7EF71D3B06A80058B8AD /* Base */ = {isa = PBXFileReference; lastKnownFileType = file.storyboard; name = Base; path = Base.lproj/Main.storyboard; sourceTree = "<group>"; };
		8C1F7EF91D3B06A80058B8AD /* Assets.xcassets */ = {isa = PBXFileReference; lastKnownFileType = folder.assetcatalog; path = Assets.xcassets; sourceTree = "<group>"; };
		8C1F7EFC1D3B06A80058B8AD /* Base */ = {isa = PBXFileReference; lastKnownFileType = file.storyboard; name = Base; path = Base.lproj/LaunchScreen.storyboard; sourceTree = "<group>"; };
		8C1F7EFE1D3B06A80058B8AD /* Info.plist */ = {isa = PBXFileReference; lastKnownFileType = text.plist.xml; path = Info.plist; sourceTree = "<group>"; };
		8C1F7F031D3B06A80058B8AD /* COURSERATAREATests.xctest */ = {isa = PBXFileReference; explicitFileType = wrapper.cfbundle; includeInIndex = 0; path = COURSERATAREATests.xctest; sourceTree = BUILT_PRODUCTS_DIR; };
		8C1F7F071D3B06A80058B8AD /* COURSERATAREATests.m */ = {isa = PBXFileReference; lastKnownFileType = sourcecode.c.objc; path = COURSERATAREATests.m; sourceTree = "<group>"; };
		8C1F7F091D3B06A80058B8AD /* Info.plist */ = {isa = PBXFileReference; lastKnownFileType = text.plist.xml; path = Info.plist; sourceTree = "<group>"; };
		8C1F7F0E1D3B06A80058B8AD /* COURSERATAREAUITests.xctest */ = {isa = PBXFileReference; explicitFileType = wrapper.cfbundle; includeInIndex = 0; path = COURSERATAREAUITests.xctest; sourceTree = BUILT_PRODUCTS_DIR; };
		8C1F7F121D3B06A80058B8AD /* COURSERATAREAUITests.m */ = {isa = PBXFileReference; lastKnownFileType = sourcecode.c.objc; path = COURSERATAREAUITests.m; sourceTree = "<group>"; };
		8C1F7F141D3B06A80058B8AD /* Info.plist */ = {isa = PBXFileReference; lastKnownFileType = text.plist.xml; path = Info.plist; sourceTree = "<group>"; };
/* End PBXFileReference section */

/* Begin PBXFrameworksBuildPhase section */
		8C1F7EE71D3B06A80058B8AD /* Frameworks */ = {
			isa = PBXFrameworksBuildPhase;
			buildActionMask = 2147483647;
			files = (
			);
			runOnlyForDeploymentPostprocessing = 0;
		};
		8C1F7F001D3B06A80058B8AD /* Frameworks */ = {
			isa = PBXFrameworksBuildPhase;
			buildActionMask = 2147483647;
			files = (
			);
			runOnlyForDeploymentPostprocessing = 0;
		};
		8C1F7F0B1D3B06A80058B8AD /* Frameworks */ = {
			isa = PBXFrameworksBuildPhase;
			buildActionMask = 2147483647;
			files = (
			);
			runOnlyForDeploymentPostprocessing = 0;
		};
/* End PBXFrameworksBuildPhase section */

/* Begin PBXGroup section */
		8C1F7EE11D3B06A80058B8AD = {
			isa = PBXGroup;
			children = (
				8C1F7EEC1D3B06A80058B8AD /* COURSERATAREA */,
				8C1F7F061D3B06A80058B8AD /* COURSERATAREATests */,
				8C1F7F111D3B06A80058B8AD /* COURSERATAREAUITests */,
				8C1F7EEB1D3B06A80058B8AD /* Products */,
			);
			sourceTree = "<group>";
		};
		8C1F7EEB1D3B06A80058B8AD /* Products */ = {
			isa = PBXGroup;
			children = (
				8C1F7EEA1D3B06A80058B8AD /* COURSERATAREA.app */,
				8C1F7F031D3B06A80058B8AD /* COURSERATAREATests.xctest */,
				8C1F7F0E1D3B06A80058B8AD /* COURSERATAREAUITests.xctest */,
			);
			name = Products;
			sourceTree = "<group>";
		};
		8C1F7EEC1D3B06A80058B8AD /* COURSERATAREA */ = {
			isa = PBXGroup;
			children = (
				8C1F7EF01D3B06A80058B8AD /* AppDelegate.h */,
				8C1F7EF11D3B06A80058B8AD /* AppDelegate.m */,
				8C1F7EF31D3B06A80058B8AD /* ViewController.h */,
				8C1F7EF41D3B06A80058B8AD /* ViewController.m */,
				8C1F7EF61D3B06A80058B8AD /* Main.storyboard */,
				8C1F7EF91D3B06A80058B8AD /* Assets.xcassets */,
				8C1F7EFB1D3B06A80058B8AD /* LaunchScreen.storyboard */,
				8C1F7EFE1D3B06A80058B8AD /* Info.plist */,
				8C1F7EED1D3B06A80058B8AD /* Supporting Files */,
			);
			path = COURSERATAREA;
			sourceTree = "<group>";
		};
		8C1F7EED1D3B06A80058B8AD /* Supporting Files */ = {
			isa = PBXGroup;
			children = (
				8C1F7EEE1D3B06A80058B8AD /* main.m */,
			);
			name = "Supporting Files";
			sourceTree = "<group>";
		};
		8C1F7F061D3B06A80058B8AD /* COURSERATAREATests */ = {
			isa = PBXGroup;
			children = (
				8C1F7F071D3B06A80058B8AD /* COURSERATAREATests.m */,
				8C1F7F091D3B06A80058B8AD /* Info.plist */,
			);
			path = COURSERATAREATests;
			sourceTree = "<group>";
		};
		8C1F7F111D3B06A80058B8AD /* COURSERATAREAUITests */ = {
			isa = PBXGroup;
			children = (
				8C1F7F121D3B06A80058B8AD /* COURSERATAREAUITests.m */,
				8C1F7F141D3B06A80058B8AD /* Info.plist */,
			);
			path = COURSERATAREAUITests;
			sourceTree = "<group>";
		};
/* End PBXGroup section */

/* Begin PBXNativeTarget section */
		8C1F7EE91D3B06A80058B8AD /* COURSERATAREA */ = {
			isa = PBXNativeTarget;
			buildConfigurationList = 8C1F7F171D3B06A80058B8AD /* Build configuration list for PBXNativeTarget "COURSERATAREA" */;
			buildPhases = (
				8C1F7EE61D3B06A80058B8AD /* Sources */,
				8C1F7EE71D3B06A80058B8AD /* Frameworks */,
				8C1F7EE81D3B06A80058B8AD /* Resources */,
			);
			buildRules = (
			);
			dependencies = (
			);
			name = COURSERATAREA;
			productName = COURSERATAREA;
			productReference = 8C1F7EEA1D3B06A80058B8AD /* COURSERATAREA.app */;
			productType = "com.apple.product-type.application";
		};
		8C1F7F021D3B06A80058B8AD /* COURSERATAREATests */ = {
			isa = PBXNativeTarget;
			buildConfigurationList = 8C1F7F1A1D3B06A80058B8AD /* Build configuration list for PBXNativeTarget "COURSERATAREATests" */;
			buildPhases = (
				8C1F7EFF1D3B06A80058B8AD /* Sources */,
				8C1F7F001D3B06A80058B8AD /* Frameworks */,
				8C1F7F011D3B06A80058B8AD /* Resources */,
			);
			buildRules = (
			);
			dependencies = (
				8C1F7F051D3B06A80058B8AD /* PBXTargetDependency */,
			);
			name = COURSERATAREATests;
			productName = COURSERATAREATests;
			productReference = 8C1F7F031D3B06A80058B8AD /* COURSERATAREATests.xctest */;
			productType = "com.apple.product-type.bundle.unit-test";
		};
		8C1F7F0D1D3B06A80058B8AD /* COURSERATAREAUITests */ = {
			isa = PBXNativeTarget;
			buildConfigurationList = 8C1F7F1D1D3B06A80058B8AD /* Build configuration list for PBXNativeTarget "COURSERATAREAUITests" */;
			buildPhases = (
				8C1F7F0A1D3B06A80058B8AD /* Sources */,
				8C1F7F0B1D3B06A80058B8AD /* Frameworks */,
				8C1F7F0C1D3B06A80058B8AD /* Resources */,
			);
			buildRules = (
			);
			dependencies = (
				8C1F7F101D3B06A80058B8AD /* PBXTargetDependency */,
			);
			name = COURSERATAREAUITests;
			productName = COURSERATAREAUITests;
			productReference = 8C1F7F0E1D3B06A80058B8AD /* COURSERATAREAUITests.xctest */;
			productType = "com.apple.product-type.bundle.ui-testing";
		};
/* End PBXNativeTarget section */

/* Begin PBXProject section */
		8C1F7EE21D3B06A80058B8AD /* Project object */ = {
			isa = PBXProject;
			attributes = {
				LastUpgradeCheck = 0730;
				ORGANIZATIONNAME = "David  Medina pineda";
				TargetAttributes = {
					8C1F7EE91D3B06A80058B8AD = {
						CreatedOnToolsVersion = 7.3.1;
					};
					8C1F7F021D3B06A80058B8AD = {
						CreatedOnToolsVersion = 7.3.1;
						TestTargetID = 8C1F7EE91D3B06A80058B8AD;
					};
					8C1F7F0D1D3B06A80058B8AD = {
						CreatedOnToolsVersion = 7.3.1;
						TestTargetID = 8C1F7EE91D3B06A80058B8AD;
					};
				};
			};
			buildConfigurationList = 8C1F7EE51D3B06A80058B8AD /* Build configuration list for PBXProject "COURSERATAREA" */;
			compatibilityVersion = "Xcode 3.2";
			developmentRegion = English;
			hasScannedForEncodings = 0;
			knownRegions = (
				en,
				Base,
			);
			mainGroup = 8C1F7EE11D3B06A80058B8AD;
			productRefGroup = 8C1F7EEB1D3B06A80058B8AD /* Products */;
			projectDirPath = "";
			projectRoot = "";
			targets = (
				8C1F7EE91D3B06A80058B8AD /* COURSERATAREA */,
				8C1F7F021D3B06A80058B8AD /* COURSERATAREATests */,
				8C1F7F0D1D3B06A80058B8AD /* COURSERATAREAUITests */,
			);
		};
/* End PBXProject section */

/* Begin PBXResourcesBuildPhase section */
		8C1F7EE81D3B06A80058B8AD /* Resources */ = {
			isa = PBXResourcesBuildPhase;
			buildActionMask = 2147483647;
			files = (
				8C1F7EFD1D3B06A80058B8AD /* LaunchScreen.storyboard in Resources */,
				8C1F7EFA1D3B06A80058B8AD /* Assets.xcassets in Resources */,
				8C1F7EF81D3B06A80058B8AD /* Main.storyboard in Resources */,
			);
			runOnlyForDeploymentPostprocessing = 0;
		};
		8C1F7F011D3B06A80058B8AD /* Resources */ = {
			isa = PBXResourcesBuildPhase;
			buildActionMask = 2147483647;
			files = (
			);
			runOnlyForDeploymentPostprocessing = 0;
		};
		8C1F7F0C1D3B06A80058B8AD /* Resources */ = {
			isa = PBXResourcesBuildPhase;
			buildActionMask = 2147483647;
			files = (
			);
			runOnlyForDeploymentPostprocessing = 0;
		};
/* End PBXResourcesBuildPhase section */

/* Begin PBXSourcesBuildPhase section */
		8C1F7EE61D3B06A80058B8AD /* Sources */ = {
			isa = PBXSourcesBuildPhase;
			buildActionMask = 2147483647;
			files = (
				8C1F7EF51D3B06A80058B8AD /* ViewController.m in Sources */,
				8C1F7EF21D3B06A80058B8AD /* AppDelegate.m in Sources */,
				8C1F7EEF1D3B06A80058B8AD /* main.m in Sources */,
			);
			runOnlyForDeploymentPostprocessing = 0;
		};
		8C1F7EFF1D3B06A80058B8AD /* Sources */ = {
			isa = PBXSourcesBuildPhase;
			buildActionMask = 2147483647;
			files = (
				8C1F7F081D3B06A80058B8AD /* COURSERATAREATests.m in Sources */,
			);
			runOnlyForDeploymentPostprocessing = 0;
		};
		8C1F7F0A1D3B06A80058B8AD /* Sources */ = {
			isa = PBXSourcesBuildPhase;
			buildActionMask = 2147483647;
			files = (
				8C1F7F131D3B06A80058B8AD /* COURSERATAREAUITests.m in Sources */,
			);
			runOnlyForDeploymentPostprocessing = 0;
		};
/* End PBXSourcesBuildPhase section */

/* Begin PBXTargetDependency section */
		8C1F7F051D3B06A80058B8AD /* PBXTargetDependency */ = {
			isa = PBXTargetDependency;
			target = 8C1F7EE91D3B06A80058B8AD /* COURSERATAREA */;
			targetProxy = 8C1F7F041D3B06A80058B8AD /* PBXContainerItemProxy */;
		};
		8C1F7F101D3B06A80058B8AD /* PBXTargetDependency */ = {
			isa = PBXTargetDependency;
			target = 8C1F7EE91D3B06A80058B8AD /* COURSERATAREA */;
			targetProxy = 8C1F7F0F1D3B06A80058B8AD /* PBXContainerItemProxy */;
		};
/* End PBXTargetDependency section */

/* Begin PBXVariantGroup section */
		8C1F7EF61D3B06A80058B8AD /* Main.storyboard */ = {
			isa = PBXVariantGroup;
			children = (
				8C1F7EF71D3B06A80058B8AD /* Base */,
			);
			name = Main.storyboard;
			sourceTree = "<group>";
		};
		8C1F7EFB1D3B06A80058B8AD /* LaunchScreen.storyboard */ = {
			isa = PBXVariantGroup;
			children = (
				8C1F7EFC1D3B06A80058B8AD /* Base */,
			);
			name = LaunchScreen.storyboard;
			sourceTree = "<group>";
		};
/* End PBXVariantGroup section */

/* Begin XCBuildConfiguration section */
		8C1F7F151D3B06A80058B8AD /* Debug */ = {
			isa = XCBuildConfiguration;
			buildSettings = {
				ALWAYS_SEARCH_USER_PATHS = NO;
				CLANG_ANALYZER_NONNULL = YES;
				CLANG_CXX_LANGUAGE_STANDARD = "gnu++0x";
				CLANG_CXX_LIBRARY = "libc++";
				CLANG_ENABLE_MODULES = YES;
				CLANG_ENABLE_OBJC_ARC = YES;
				CLANG_WARN_BOOL_CONVERSION = YES;
				CLANG_WARN_CONSTANT_CONVERSION = YES;
				CLANG_WARN_DIRECT_OBJC_ISA_USAGE = YES_ERROR;
				CLANG_WARN_EMPTY_BODY = YES;
				CLANG_WARN_ENUM_CONVERSION = YES;
				CLANG_WARN_INT_CONVERSION = YES;
				CLANG_WARN_OBJC_ROOT_CLASS = YES_ERROR;
				CLANG_WARN_UNREACHABLE_CODE = YES;
				CLANG_WARN__DUPLICATE_METHOD_MATCH = YES;
				"CODE_SIGN_IDENTITY[sdk=iphoneos*]" = "iPhone Developer";
				COPY_PHASE_STRIP = NO;
				DEBUG_INFORMATION_FORMAT = dwarf;
				ENABLE_STRICT_OBJC_MSGSEND = YES;
				ENABLE_TESTABILITY = YES;
				GCC_C_LANGUAGE_STANDARD = gnu99;
				GCC_DYNAMIC_NO_PIC = NO;
				GCC_NO_COMMON_BLOCKS = YES;
				GCC_OPTIMIZATION_LEVEL = 0;
				GCC_PREPROCESSOR_DEFINITIONS = (
					"DEBUG=1",
					"$(inherited)",
				);
				GCC_WARN_64_TO_32_BIT_CONVERSION = YES;
				GCC_WARN_ABOUT_RETURN_TYPE = YES_ERROR;
				GCC_WARN_UNDECLARED_SELECTOR = YES;
				GCC_WARN_UNINITIALIZED_AUTOS = YES_AGGRESSIVE;
				GCC_WARN_UNUSED_FUNCTION = YES;
				GCC_WARN_UNUSED_VARIABLE = YES;
				IPHONEOS_DEPLOYMENT_TARGET = 9.3;
				MTL_ENABLE_DEBUG_INFO = YES;
				ONLY_ACTIVE_ARCH = YES;
				SDKROOT = iphoneos;
				TARGETED_DEVICE_FAMILY = "1,2";
			};
			name = Debug;
		};
		8C1F7F161D3B06A80058B8AD /* Release */ = {
			isa = XCBuildConfiguration;
			buildSettings = {
				ALWAYS_SEARCH_USER_PATHS = NO;
				CLANG_ANALYZER_NONNULL = YES;
				CLANG_CXX_LANGUAGE_STANDARD = "gnu++0x";
				CLANG_CXX_LIBRARY = "libc++";
				CLANG_ENABLE_MODULES = YES;
				CLANG_ENABLE_OBJC_ARC = YES;
				CLANG_WARN_BOOL_CONVERSION = YES;
				CLANG_WARN_CONSTANT_CONVERSION = YES;
				CLANG_WARN_DIRECT_OBJC_ISA_USAGE = YES_ERROR;
				CLANG_WARN_EMPTY_BODY = YES;
				CLANG_WARN_ENUM_CONVERSION = YES;
				CLANG_WARN_INT_CONVERSION = YES;
				CLANG_WARN_OBJC_ROOT_CLASS = YES_ERROR;
				CLANG_WARN_UNREACHABLE_CODE = YES;
				CLANG_WARN__DUPLICATE_METHOD_MATCH = YES;
				"CODE_SIGN_IDENTITY[sdk=iphoneos*]" = "iPhone Developer";
				COPY_PHASE_STRIP = NO;
				DEBUG_INFORMATION_FORMAT = "dwarf-with-dsym";
				ENABLE_NS_ASSERTIONS = NO;
				ENABLE_STRICT_OBJC_MSGSEND = YES;
				GCC_C_LANGUAGE_STANDARD = gnu99;
				GCC_NO_COMMON_BLOCKS = YES;
				GCC_WARN_64_TO_32_BIT_CONVERSION = YES;
				GCC_WARN_ABOUT_RETURN_TYPE = YES_ERROR;
				GCC_WARN_UNDECLARED_SELECTOR = YES;
				GCC_WARN_UNINITIALIZED_AUTOS = YES_AGGRESSIVE;
				GCC_WARN_UNUSED_FUNCTION = YES;
				GCC_WARN_UNUSED_VARIABLE = YES;
				IPHONEOS_DEPLOYMENT_TARGET = 9.3;
				MTL_ENABLE_DEBUG_INFO = NO;
				SDKROOT = iphoneos;
				TARGETED_DEVICE_FAMILY = "1,2";
				VALIDATE_PRODUCT = YES;
			};
			name = Release;
		};
		8C1F7F181D3B06A80058B8AD /* Debug */ = {
			isa = XCBuildConfiguration;
			buildSettings = {
				ASSETCATALOG_COMPILER_APPICON_NAME = AppIcon;
				INFOPLIST_FILE = COURSERATAREA/Info.plist;
				LD_RUNPATH_SEARCH_PATHS = "$(inherited) @executable_path/Frameworks";
				PRODUCT_BUNDLE_IDENTIFIER = davidmedina.COURSERATAREA;
				PRODUCT_NAME = "$(TARGET_NAME)";
			};
			name = Debug;
		};
		8C1F7F191D3B06A80058B8AD /* Release */ = {
			isa = XCBuildConfiguration;
			buildSettings = {
				ASSETCATALOG_COMPILER_APPICON_NAME = AppIcon;
				INFOPLIST_FILE = COURSERATAREA/Info.plist;
				LD_RUNPATH_SEARCH_PATHS = "$(inherited) @executable_path/Frameworks";
				PRODUCT_BUNDLE_IDENTIFIER = davidmedina.COURSERATAREA;
				PRODUCT_NAME = "$(TARGET_NAME)";
			};
			name = Release;
		};
		8C1F7F1B1D3B06A80058B8AD /* Debug */ = {
			isa = XCBuildConfiguration;
			buildSettings = {
				BUNDLE_LOADER = "$(TEST_HOST)";
				INFOPLIST_FILE = COURSERATAREATests/Info.plist;
				LD_RUNPATH_SEARCH_PATHS = "$(inherited) @executable_path/Frameworks @loader_path/Frameworks";
				PRODUCT_BUNDLE_IDENTIFIER = davidmedina.COURSERATAREATests;
				PRODUCT_NAME = "$(TARGET_NAME)";
				TEST_HOST = "$(BUILT_PRODUCTS_DIR)/COURSERATAREA.app/COURSERATAREA";
			};
			name = Debug;
		};
		8C1F7F1C1D3B06A80058B8AD /* Release */ = {
			isa = XCBuildConfiguration;
			buildSettings = {
				BUNDLE_LOADER = "$(TEST_HOST)";
				INFOPLIST_FILE = COURSERATAREATests/Info.plist;
				LD_RUNPATH_SEARCH_PATHS = "$(inherited) @executable_path/Frameworks @loader_path/Frameworks";
				PRODUCT_BUNDLE_IDENTIFIER = davidmedina.COURSERATAREATests;
				PRODUCT_NAME = "$(TARGET_NAME)";
				TEST_HOST = "$(BUILT_PRODUCTS_DIR)/COURSERATAREA.app/COURSERATAREA";
			};
			name = Release;
		};
		8C1F7F1E1D3B06A80058B8AD /* Debug */ = {
			isa = XCBuildConfiguration;
			buildSettings = {
				INFOPLIST_FILE = COURSERATAREAUITests/Info.plist;
				LD_RUNPATH_SEARCH_PATHS = "$(inherited) @executable_path/Frameworks @loader_path/Frameworks";
				PRODUCT_BUNDLE_IDENTIFIER = davidmedina.COURSERATAREAUITests;
				PRODUCT_NAME = "$(TARGET_NAME)";
				TEST_TARGET_NAME = COURSERATAREA;
			};
			name = Debug;
		};
		8C1F7F1F1D3B06A80058B8AD /* Release */ = {
			isa = XCBuildConfiguration;
			buildSettings = {
				INFOPLIST_FILE = COURSERATAREAUITests/Info.plist;
				LD_RUNPATH_SEARCH_PATHS = "$(inherited) @executable_path/Frameworks @loader_path/Frameworks";
				PRODUCT_BUNDLE_IDENTIFIER = davidmedina.COURSERATAREAUITests;
				PRODUCT_NAME = "$(TARGET_NAME)";
				TEST_TARGET_NAME = COURSERATAREA;
			};
			name = Release;
		};
/* End XCBuildConfiguration section */

/* Begin XCConfigurationList section */
		8C1F7EE51D3B06A80058B8AD /* Build configuration list for PBXProject "COURSERATAREA" */ = {
			isa = XCConfigurationList;
			buildConfigurations = (
				8C1F7F151D3B06A80058B8AD /* Debug */,
				8C1F7F161D3B06A80058B8AD /* Release */,
			);
			defaultConfigurationIsVisible = 0;
			defaultConfigurationName = Release;
		};
		8C1F7F171D3B06A80058B8AD /* Build configuration list for PBXNativeTarget "COURSERATAREA" */ = {
			isa = XCConfigurationList;
			buildConfigurations = (
				8C1F7F181D3B06A80058B8AD /* Debug */,
				8C1F7F191D3B06A80058B8AD /* Release */,
			);
			defaultConfigurationIsVisible = 0;
		};
		8C1F7F1A1D3B06A80058B8AD /* Build configuration list for PBXNativeTarget "COURSERATAREATests" */ = {
			isa = XCConfigurationList;
			buildConfigurations = (
				8C1F7F1B1D3B06A80058B8AD /* Debug */,
				8C1F7F1C1D3B06A80058B8AD /* Release */,
			);
			defaultConfigurationIsVisible = 0;
		};
		8C1F7F1D1D3B06A80058B8AD /* Build configuration list for PBXNativeTarget "COURSERATAREAUITests" */ = {
			isa = XCConfigurationList;
			buildConfigurations = (
				8C1F7F1E1D3B06A80058B8AD /* Debug */,
				8C1F7F1F1D3B06A80058B8AD /* Release */,
			);
			defaultConfigurationIsVisible = 0;
		};
/* End XCConfigurationList section */
	};
	rootObject = 8C1F7EE21D3B06A80058B8AD /* Project object */;
}
